{
  "sources": {
    "php55": {
      "locked_version": "0.0.2",
      "git": "https://github.com/jsierles/php55-cookbook",
      "ref": "0c96b41ae9e9c80b08e689887907a9f30dc4b8e1"
    },
    "build-essential": {
      "locked_version": "1.4.2"
    },
    "apt": {
      "locked_version": "2.3.8"
    },
    "yum": {
      "locked_version": "3.1.2"
    }
  }
}
