{
  "sources": {
    "php55": {
      "locked_version": "0.0.2",
      "git": "https://github.com/jsierles/php55-cookbook",
      "ref": "6cd99bc78bd8f320d916392633ee4a0e8c328f33"
    },
    "build-essential": {
      "locked_version": "1.4.2"
    },
    "apt": {
      "locked_version": "2.3.8"
    },
    "yum": {
      "locked_version": "3.1.2"
    }
  }
}
